{
  "name": "dcl-project",
  "version": "1.0.0",
  "lockfileVersion": 1,
  "requires": true,
  "dependencies": {
    "@dcl/ui-utils": {
      "version": "1.0.0",
      "resolved": "https://registry.npmjs.org/@dcl/ui-utils/-/ui-utils-1.0.0.tgz",
      "integrity": "sha512-mSFEWeAoZUndGcv1wkfJtN/IuzV4B325bY1F8vtmqIMNVmGfEX01RuBS1Igoj219FRpH20lXLMWmbr7bEy+D6w==",
      "requires": {
        "decentraland-ecs": "^6.4.11-20200828175331.commit-ef2b94b"
      },
      "dependencies": {
        "decentraland-ecs": {
          "version": "6.4.11-20200828175331.commit-ef2b94b",
          "resolved": "https://registry.npmjs.org/decentraland-ecs/-/decentraland-ecs-6.4.11-20200828175331.commit-ef2b94b.tgz",
          "integrity": "sha512-1H5pznQZWcKwBPWT4paScRw7n86iYsrbBe1d+grLLY5Fi3ewGJojJAVlBRLAZ+f7NFFc16quvh+M0GlDypHK6w==",
          "requires": {
            "typescript": "^3.8.3",
            "uglify-js": "^3.5.2"
          }
        }
      }
    },
    "decentraland-ecs": {
      "version": "6.5.0",
      "resolved": "https://registry.npmjs.org/decentraland-ecs/-/decentraland-ecs-6.5.0.tgz",
      "integrity": "sha512-xtqeHBlrhJheGzhOf6RlxnGErxOYlK7LzXpnN40Eu2SSjs4RYkk8ZKPFY8UmKbK/grK/ZCJ7qNKsghiNz9TlDA==",
      "dev": true,
      "requires": {
        "typescript": "^3.8.3",
        "uglify-js": "^3.5.2"
      }
    },
    "decentraland-ecs-utils": {
      "version": "1.1.4",
      "resolved": "https://registry.npmjs.org/decentraland-ecs-utils/-/decentraland-ecs-utils-1.1.4.tgz",
      "integrity": "sha512-OVVvkeF7bLbE6HmA4XhsP9X2gawvsh8lwqcK49Olm8sz+3I3YtZxZk9IMdjjsPAYyX1B/08v0ZDjSZdWBIm2lw=="
    },
    "typescript": {
      "version": "3.9.7",
      "resolved": "https://registry.npmjs.org/typescript/-/typescript-3.9.7.tgz",
      "integrity": "sha512-BLbiRkiBzAwsjut4x/dsibSTB6yWpwT5qWmC2OfuCg3GgVQCSgMs4vEctYPhsaGtd0AeuuHMkjZ2h2WG8MSzRw=="
    },
    "uglify-js": {
      "version": "3.10.2",
      "resolved": "https://registry.npmjs.org/uglify-js/-/uglify-js-3.10.2.tgz",
      "integrity": "sha512-GXCYNwqoo0MbLARghYjxVBxDCnU0tLqN7IPLdHHbibCb1NI5zBkU2EPcy/GaVxc0BtTjqyGXJCINe6JMR2Dpow=="
    }
  }
}
